
Microsoft Visual Studio Solution File, Format Version 12.00
# Visual Studio Version 16
VisualStudioVersion = 16.0.32126.315
MinimumVisualStudioVersion = 10.0.40219.1
Project("{FAE04EC0-301F-11D3-BF4B-00C04F79EFBC}") = "P40b_ClaseFecha", "P40b_ClaseFecha\P40b_ClaseFecha.csproj", "{19898BEB-24A4-4259-BF74-9BDFE1DA0ED9}"
EndProject
Global
	GlobalSection(SolutionConfigurationPlatforms) = preSolution
		Debug|Any CPU = Debug|Any CPU
		Release|Any CPU = Release|Any CPU
	EndGlobalSection
	GlobalSection(ProjectConfigurationPlatforms) = postSolution
		{19898BEB-24A4-4259-BF74-9BDFE1DA0ED9}.Debug|Any CPU.ActiveCfg = Debug|Any CPU
		{19898BEB-24A4-4259-BF74-9BDFE1DA0ED9}.Debug|Any CPU.Build.0 = Debug|Any CPU
		{19898BEB-24A4-4259-BF74-9BDFE1DA0ED9}.Release|Any CPU.ActiveCfg = Release|Any CPU
		{19898BEB-24A4-4259-BF74-9BDFE1DA0ED9}.Release|Any CPU.Build.0 = Release|Any CPU
	EndGlobalSection
	GlobalSection(SolutionProperties) = preSolution
		HideSolutionNode = FALSE
	EndGlobalSection
	GlobalSection(ExtensibilityGlobals) = postSolution
		SolutionGuid = {DE640D70-74FF-45C0-816A-E8DF0F663822}
	EndGlobalSection
EndGlobal
