
Microsoft Visual Studio Solution File, Format Version 12.00
# Visual Studio Version 16
VisualStudioVersion = 16.0.32126.315
MinimumVisualStudioVersion = 10.0.40219.1
Project("{FAE04EC0-301F-11D3-BF4B-00C04F79EFBC}") = "P41a1AlumnosConHerencia", "P41a1AlumnosConHerencia\P41a1AlumnosConHerencia.csproj", "{7336DBC0-F2AD-4B7F-8198-474F9E56E358}"
EndProject
Global
	GlobalSection(SolutionConfigurationPlatforms) = preSolution
		Debug|Any CPU = Debug|Any CPU
		Release|Any CPU = Release|Any CPU
	EndGlobalSection
	GlobalSection(ProjectConfigurationPlatforms) = postSolution
		{7336DBC0-F2AD-4B7F-8198-474F9E56E358}.Debug|Any CPU.ActiveCfg = Debug|Any CPU
		{7336DBC0-F2AD-4B7F-8198-474F9E56E358}.Debug|Any CPU.Build.0 = Debug|Any CPU
		{7336DBC0-F2AD-4B7F-8198-474F9E56E358}.Release|Any CPU.ActiveCfg = Release|Any CPU
		{7336DBC0-F2AD-4B7F-8198-474F9E56E358}.Release|Any CPU.Build.0 = Release|Any CPU
	EndGlobalSection
	GlobalSection(SolutionProperties) = preSolution
		HideSolutionNode = FALSE
	EndGlobalSection
	GlobalSection(ExtensibilityGlobals) = postSolution
		SolutionGuid = {04969CBA-BE22-4FF1-9BA2-8799DA7CA621}
	EndGlobalSection
EndGlobal
