
Microsoft Visual Studio Solution File, Format Version 12.00
# Visual Studio Version 16
VisualStudioVersion = 16.0.31702.278
MinimumVisualStudioVersion = 10.0.40219.1
Project("{FAE04EC0-301F-11D3-BF4B-00C04F79EFBC}") = "p34a_EscribirRegistros", "p34a_EscribirRegistros\p34a_EscribirRegistros.csproj", "{D8B722EB-A75A-4BC9-8032-1FF28CD58561}"
EndProject
Global
	GlobalSection(SolutionConfigurationPlatforms) = preSolution
		Debug|Any CPU = Debug|Any CPU
		Release|Any CPU = Release|Any CPU
	EndGlobalSection
	GlobalSection(ProjectConfigurationPlatforms) = postSolution
		{D8B722EB-A75A-4BC9-8032-1FF28CD58561}.Debug|Any CPU.ActiveCfg = Debug|Any CPU
		{D8B722EB-A75A-4BC9-8032-1FF28CD58561}.Debug|Any CPU.Build.0 = Debug|Any CPU
		{D8B722EB-A75A-4BC9-8032-1FF28CD58561}.Release|Any CPU.ActiveCfg = Release|Any CPU
		{D8B722EB-A75A-4BC9-8032-1FF28CD58561}.Release|Any CPU.Build.0 = Release|Any CPU
	EndGlobalSection
	GlobalSection(SolutionProperties) = preSolution
		HideSolutionNode = FALSE
	EndGlobalSection
	GlobalSection(ExtensibilityGlobals) = postSolution
		SolutionGuid = {8160FB38-29BD-4C29-9C46-A3382D6CB99C}
	EndGlobalSection
EndGlobal
